
Microsoft Visual Studio Solution File, Format Version 12.00
# Visual Studio 2013
VisualStudioVersion = 12.0.31101.0
MinimumVisualStudioVersion = 10.0.40219.1
Project("{2150E333-8FDC-42A3-9474-1A3956D46DE8}") = "PublishScripts", "PublishScripts", "{61586CD3-487E-48A4-B84D-812597B1072D}"
	ProjectSection(SolutionItems) = preProject
		PublishScripts\AzureWebsitePublishModule.psm1 = PublishScripts\AzureWebsitePublishModule.psm1
		PublishScripts\Publish-WebApplicationWebsite.ps1 = PublishScripts\Publish-WebApplicationWebsite.ps1
	EndProjectSection
EndProject
Project("{2150E333-8FDC-42A3-9474-1A3956D46DE8}") = "Configurations", "Configurations", "{CE501517-D2F0-46F8-9B28-C51EADEC4986}"
	ProjectSection(SolutionItems) = preProject
		PublishScripts\Configurations\Angular-WAWS-dev.json = PublishScripts\Configurations\Angular-WAWS-dev.json
		PublishScripts\Configurations\RiotApp-WAWS-dev.json = PublishScripts\Configurations\RiotApp-WAWS-dev.json
		PublishScripts\Configurations\RiotMVC-WAWS-dev.json = PublishScripts\Configurations\RiotMVC-WAWS-dev.json
	EndProjectSection
EndProject
Project("{2150E333-8FDC-42A3-9474-1A3956D46DE8}") = ".nuget", ".nuget", "{84B78D55-4E63-4DD9-8749-9202F7794C9C}"
	ProjectSection(SolutionItems) = preProject
		.nuget\packages.config = .nuget\packages.config
	EndProjectSection
EndProject
Project("{FAE04EC0-301F-11D3-BF4B-00C04F79EFBC}") = "RiotMVC", "RiotMVC\RiotMVC.csproj", "{A9D480D4-EB7F-4493-9D77-56D806A6547C}"
EndProject
Project("{FAE04EC0-301F-11D3-BF4B-00C04F79EFBC}") = "RiotAPI", "RiotAPI\RiotAPI.csproj", "{6C055F26-6065-4707-BE40-CC7D71D19699}"
EndProject
Global
	GlobalSection(SolutionConfigurationPlatforms) = preSolution
		Debug|Any CPU = Debug|Any CPU
		Release|Any CPU = Release|Any CPU
	EndGlobalSection
	GlobalSection(ProjectConfigurationPlatforms) = postSolution
		{A9D480D4-EB7F-4493-9D77-56D806A6547C}.Debug|Any CPU.ActiveCfg = Debug|Any CPU
		{A9D480D4-EB7F-4493-9D77-56D806A6547C}.Debug|Any CPU.Build.0 = Debug|Any CPU
		{A9D480D4-EB7F-4493-9D77-56D806A6547C}.Release|Any CPU.ActiveCfg = Release|Any CPU
		{A9D480D4-EB7F-4493-9D77-56D806A6547C}.Release|Any CPU.Build.0 = Release|Any CPU
		{6C055F26-6065-4707-BE40-CC7D71D19699}.Debug|Any CPU.ActiveCfg = Debug|Any CPU
		{6C055F26-6065-4707-BE40-CC7D71D19699}.Debug|Any CPU.Build.0 = Debug|Any CPU
		{6C055F26-6065-4707-BE40-CC7D71D19699}.Release|Any CPU.ActiveCfg = Release|Any CPU
		{6C055F26-6065-4707-BE40-CC7D71D19699}.Release|Any CPU.Build.0 = Release|Any CPU
	EndGlobalSection
	GlobalSection(SolutionProperties) = preSolution
		HideSolutionNode = FALSE
	EndGlobalSection
	GlobalSection(NestedProjects) = preSolution
		{CE501517-D2F0-46F8-9B28-C51EADEC4986} = {61586CD3-487E-48A4-B84D-812597B1072D}
	EndGlobalSection
EndGlobal
